{
  "name": "assingment",
  "version": "1.0.0",
  "lockfileVersion": 3,
  "requires": true,
  "packages": {
    "": {
      "name": "assingment",
      "version": "1.0.0",
      "license": "ISC",
      "dependencies": {
        "dotenv": "^16.5.0",
        "everscale-inpage-provider": "^0.5.2",
        "everscale-standalone-client": "^2.1.27",
        "nekoton-wasm": "^1.4.2"
      }
    },
    "node_modules/@broxus/await-semaphore": {
      "version": "0.1.5",
      "resolved": "https://registry.npmjs.org/@broxus/await-semaphore/-/await-semaphore-0.1.5.tgz",
      "integrity": "sha512-g464HtHHKxk6r6bkZc+lET1PuSgcFxlLHVb7EAqfxTlx6DRcYkjPRIQQhRHB3BQ6zRpfMrYkppL0tBtRED+HNA=="
    },
    "node_modules/bignumber.js": {
      "version": "9.3.0",
      "resolved": "https://registry.npmjs.org/bignumber.js/-/bignumber.js-9.3.0.tgz",
      "integrity": "sha512-EM7aMFTXbptt/wZdMlBv2t8IViwQL+h6SLHosp8Yf0dqJMTnY6iL32opnAB6kAdL0SZPuvcAzFr31o0c/R3/RA==",
      "engines": {
        "node": "*"
      }
    },
    "node_modules/dotenv": {
      "version": "16.5.0",
      "resolved": "https://registry.npmjs.org/dotenv/-/dotenv-16.5.0.tgz",
      "integrity": "sha512-m/C+AwOAr9/W1UOIZUo232ejMNnJAJtYQjUbHoNTBNTJSvqzzDh7vnrei3o3r3m9blf6ZoDkvcw0VmozNRFJxg==",
      "engines": {
        "node": ">=12"
      },
      "funding": {
        "url": "https://dotenvx.com"
      }
    },
    "node_modules/events": {
      "version": "3.3.0",
      "resolved": "https://registry.npmjs.org/events/-/events-3.3.0.tgz",
      "integrity": "sha512-mQw+2fkQbALzQ7V0MY0IqdnXNOeTtP4r0lN9z7AAawCXgqea7bDii20AYrIBrFd/Hx0M2Ocz6S111CaFkUcb0Q==",
      "engines": {
        "node": ">=0.8.x"
      }
    },
    "node_modules/everscale-inpage-provider": {
      "version": "0.5.2",
      "resolved": "https://registry.npmjs.org/everscale-inpage-provider/-/everscale-inpage-provider-0.5.2.tgz",
      "integrity": "sha512-FdHed75ozt1rmuwt4garZRJJJICmCrwWyfN8LseTC/B5D5199fV9iulX7p4JI9taRMMBKL0rXszY464J8UYAmQ=="
    },
    "node_modules/everscale-standalone-client": {
      "version": "2.1.27",
      "resolved": "https://registry.npmjs.org/everscale-standalone-client/-/everscale-standalone-client-2.1.27.tgz",
      "integrity": "sha512-3z9qx/gTBQFky8/S8Iajq9ikOuu8+C7Ww3H5xSNxDFT+Whammgch1kAFREk6q06mscgZZzvNNXruzhpRNo6vKg==",
      "dependencies": {
        "@broxus/await-semaphore": "^0.1.5",
        "bignumber.js": "^9.1.0",
        "events": "^3.3.0",
        "everscale-inpage-provider": "^0.3.64",
        "fast-safe-stringify": "^2.1.1",
        "nekoton-wasm": "^1.3.2",
        "node-fetch": "^2.6.7"
      }
    },
    "node_modules/everscale-standalone-client/node_modules/everscale-inpage-provider": {
      "version": "0.3.66",
      "resolved": "https://registry.npmjs.org/everscale-inpage-provider/-/everscale-inpage-provider-0.3.66.tgz",
      "integrity": "sha512-DoKnW6+hwqMY5mWlQ1SCmDtXriv0Q1PUdgLIbNIBkzYAC1LYt+18Kt93JksLDiCdeK/9ZRV5BpwXdhWEntQ+gA=="
    },
    "node_modules/fast-safe-stringify": {
      "version": "2.1.1",
      "resolved": "https://registry.npmjs.org/fast-safe-stringify/-/fast-safe-stringify-2.1.1.tgz",
      "integrity": "sha512-W+KJc2dmILlPplD/H4K9l9LcAHAfPtP6BY84uVLXQ6Evcz9Lcg33Y2z1IVblT6xdY54PXYVHEv+0Wpq8Io6zkA=="
    },
    "node_modules/nekoton-wasm": {
      "version": "1.4.2",
      "resolved": "https://registry.npmjs.org/nekoton-wasm/-/nekoton-wasm-1.4.2.tgz",
      "integrity": "sha512-PKdTIUJ/Xn8OXMxX0+5+2H5PYq79eVn0MEitPb8M8Fu4wGjZQiwEDEOZDW3f9NpSr6nmIEU3f8mk4sH3Qs5/hg=="
    },
    "node_modules/node-fetch": {
      "version": "2.7.0",
      "resolved": "https://registry.npmjs.org/node-fetch/-/node-fetch-2.7.0.tgz",
      "integrity": "sha512-c4FRfUm/dbcWZ7U+1Wq0AwCyFL+3nt2bEw05wfxSz+DWpWsitgmSgYmy2dQdWyKC1694ELPqMs/YzUSNozLt8A==",
      "dependencies": {
        "whatwg-url": "^5.0.0"
      },
      "engines": {
        "node": "4.x || >=6.0.0"
      },
      "peerDependencies": {
        "encoding": "^0.1.0"
      },
      "peerDependenciesMeta": {
        "encoding": {
          "optional": true
        }
      }
    },
    "node_modules/tr46": {
      "version": "0.0.3",
      "resolved": "https://registry.npmjs.org/tr46/-/tr46-0.0.3.tgz",
      "integrity": "sha512-N3WMsuqV66lT30CrXNbEjx4GEwlow3v6rr4mCcv6prnfwhS01rkgyFdjPNBYd9br7LpXV1+Emh01fHnq2Gdgrw=="
    },
    "node_modules/webidl-conversions": {
      "version": "3.0.1",
      "resolved": "https://registry.npmjs.org/webidl-conversions/-/webidl-conversions-3.0.1.tgz",
      "integrity": "sha512-2JAn3z8AR6rjK8Sm8orRC0h/bcl/DqL7tRPdGZ4I1CjdF+EaMLmYxBHyXuKL849eucPFhvBoxMsflfOb8kxaeQ=="
    },
    "node_modules/whatwg-url": {
      "version": "5.0.0",
      "resolved": "https://registry.npmjs.org/whatwg-url/-/whatwg-url-5.0.0.tgz",
      "integrity": "sha512-saE57nupxk6v3HY35+jzBwYa0rKSy0XR8JSxZPwgLr7ys0IBzhGviA1/TUGJLmSVqs8pb9AnvICXEuOHLprYTw==",
      "dependencies": {
        "tr46": "~0.0.3",
        "webidl-conversions": "^3.0.0"
      }
    }
  }
}
